Microsoft Visual Studio Solution File, Format Version 12.00
# Visual Studio Version 18
VisualStudioVersion = 18.3.11527.330
MinimumVisualStudioVersion = 10.0.40219.1
Project("{FAE04EC0-301F-11D3-BF4B-00C04F79EFBC}") = "SimpleGateway.Api", "SimpleGateway.Api\SimpleGateway.Api.csproj", "{55908350-2B38-4AE9-B95F-E7D042081AE1}"
EndProject
Project("{2150E333-8FDC-42A3-9474-1A3956D46DE8}") = "SolutionItems", "SolutionItems", "{71BEA139-0932-49F4-B5DF-094F98B27509}"
	ProjectSection(SolutionItems) = preProject
		docker-compose.yml = docker-compose.yml
	EndProjectSection
EndProject
Project("{FAE04EC0-301F-11D3-BF4B-00C04F79EFBC}") = "SimpleGateway.DataAccess", "SimpleGateway.DataAccess\SimpleGateway.DataAccess.csproj", "{284A099C-6B0C-4ED8-896C-38D90A9FFA3D}"
EndProject
Project("{FAE04EC0-301F-11D3-BF4B-00C04F79EFBC}") = "SimpleGateway.AdminApi", "SimpleGateway.AdminApi\SimpleGateway.AdminApi.csproj", "{9C222220-259C-4C19-A3FA-C97033BD4B74}"
EndProject
Project("{FAE04EC0-301F-11D3-BF4B-00C04F79EFBC}") = "SimpleGateway.Web", "SimpleGateway.Web\SimpleGateway.Web.csproj", "{8B136B77-434A-4924-97B9-230EF5EF1697}"
EndProject
Global
	GlobalSection(SolutionConfigurationPlatforms) = preSolution
		Debug|Any CPU = Debug|Any CPU
		Release|Any CPU = Release|Any CPU
	EndGlobalSection
	GlobalSection(ProjectConfigurationPlatforms) = postSolution
		{55908350-2B38-4AE9-B95F-E7D042081AE1}.Debug|Any CPU.ActiveCfg = Debug|Any CPU
		{55908350-2B38-4AE9-B95F-E7D042081AE1}.Debug|Any CPU.Build.0 = Debug|Any CPU
		{55908350-2B38-4AE9-B95F-E7D042081AE1}.Release|Any CPU.ActiveCfg = Release|Any CPU
		{55908350-2B38-4AE9-B95F-E7D042081AE1}.Release|Any CPU.Build.0 = Release|Any CPU
		{284A099C-6B0C-4ED8-896C-38D90A9FFA3D}.Debug|Any CPU.ActiveCfg = Debug|Any CPU
		{284A099C-6B0C-4ED8-896C-38D90A9FFA3D}.Debug|Any CPU.Build.0 = Debug|Any CPU
		{284A099C-6B0C-4ED8-896C-38D90A9FFA3D}.Release|Any CPU.ActiveCfg = Release|Any CPU
		{284A099C-6B0C-4ED8-896C-38D90A9FFA3D}.Release|Any CPU.Build.0 = Release|Any CPU
		{9C222220-259C-4C19-A3FA-C97033BD4B74}.Debug|Any CPU.ActiveCfg = Debug|Any CPU
		{9C222220-259C-4C19-A3FA-C97033BD4B74}.Debug|Any CPU.Build.0 = Debug|Any CPU
		{9C222220-259C-4C19-A3FA-C97033BD4B74}.Release|Any CPU.ActiveCfg = Release|Any CPU
		{9C222220-259C-4C19-A3FA-C97033BD4B74}.Release|Any CPU.Build.0 = Release|Any CPU
		{8B136B77-434A-4924-97B9-230EF5EF1697}.Debug|Any CPU.ActiveCfg = Debug|Any CPU
		{8B136B77-434A-4924-97B9-230EF5EF1697}.Debug|Any CPU.Build.0 = Debug|Any CPU
		{8B136B77-434A-4924-97B9-230EF5EF1697}.Release|Any CPU.ActiveCfg = Release|Any CPU
		{8B136B77-434A-4924-97B9-230EF5EF1697}.Release|Any CPU.Build.0 = Release|Any CPU
	EndGlobalSection
	GlobalSection(SolutionProperties) = preSolution
		HideSolutionNode = FALSE
	EndGlobalSection
	GlobalSection(ExtensibilityGlobals) = postSolution
		SolutionGuid = {635FCEF4-09C7-43C8-8869-AB2A10E125D5}
	EndGlobalSection
EndGlobal
